
Microsoft Visual Studio Solution File, Format Version 12.00
# Visual Studio Version 16
VisualStudioVersion = 16.0.29411.108
MinimumVisualStudioVersion = 10.0.40219.1
Project("{FAE04EC0-301F-11D3-BF4B-00C04F79EFBC}") = "KnapsackGA", "KnapsackGA.csproj", "{A08E7806-BEE5-4854-9F44-77866E4E8210}"
EndProject
Global
	GlobalSection(SolutionConfigurationPlatforms) = preSolution
		Debug|Any CPU = Debug|Any CPU
		Release|Any CPU = Release|Any CPU
	EndGlobalSection
	GlobalSection(ProjectConfigurationPlatforms) = postSolution
		{A08E7806-BEE5-4854-9F44-77866E4E8210}.Debug|Any CPU.ActiveCfg = Debug|Any CPU
		{A08E7806-BEE5-4854-9F44-77866E4E8210}.Debug|Any CPU.Build.0 = Debug|Any CPU
		{A08E7806-BEE5-4854-9F44-77866E4E8210}.Release|Any CPU.ActiveCfg = Release|Any CPU
		{A08E7806-BEE5-4854-9F44-77866E4E8210}.Release|Any CPU.Build.0 = Release|Any CPU
	EndGlobalSection
	GlobalSection(SolutionProperties) = preSolution
		HideSolutionNode = FALSE
	EndGlobalSection
	GlobalSection(ExtensibilityGlobals) = postSolution
		SolutionGuid = {3559FEE3-10C0-4D8E-804C-0492AB14BDE8}
	EndGlobalSection
EndGlobal
